
Microsoft Visual Studio Solution File, Format Version 12.00
# Visual Studio Version 17
VisualStudioVersion = 17.7.34221.43
MinimumVisualStudioVersion = 10.0.40219.1
Project("{8BC9CEB8-8B4A-11D0-8D11-00A0C91BC942}") = "Editor_Window", "Editor_Window\Editor_Window.vcxproj", "{DF8E9699-5ED7-4F9A-A12D-50D03A9EAEBF}"
EndProject
Project("{8BC9CEB8-8B4A-11D0-8D11-00A0C91BC942}") = "YamYamEngine_Window", "YamYamEngine_Window\YamYamEngine_Window.vcxproj", "{BE244220-E3AE-44A2-BDE1-651D6D7AFDAB}"
EndProject
Project("{8BC9CEB8-8B4A-11D0-8D11-00A0C91BC942}") = "YamYamEngine_SOURCE", "YamYamEngine_SOURCE\YamYamEngine_SOURCE.vcxitems", "{1C6F9F3F-BE5F-4F6B-BE3C-E0CF77C473B0}"
EndProject
Project("{8BC9CEB8-8B4A-11D0-8D11-00A0C91BC942}") = "Shaders_SOURCE", "Shaders_SOURCE\Shaders_SOURCE.vcxitems", "{E8FA58AA-30C3-45BC-A2B3-5176FE539748}"
EndProject
Global
	GlobalSection(SolutionConfigurationPlatforms) = preSolution
		Debug|x64 = Debug|x64
		Debug|x86 = Debug|x86
		Release|x64 = Release|x64
		Release|x86 = Release|x86
	EndGlobalSection
	GlobalSection(ProjectConfigurationPlatforms) = postSolution
		{DF8E9699-5ED7-4F9A-A12D-50D03A9EAEBF}.Debug|x64.ActiveCfg = Debug|x64
		{DF8E9699-5ED7-4F9A-A12D-50D03A9EAEBF}.Debug|x64.Build.0 = Debug|x64
		{DF8E9699-5ED7-4F9A-A12D-50D03A9EAEBF}.Debug|x86.ActiveCfg = Debug|Win32
		{DF8E9699-5ED7-4F9A-A12D-50D03A9EAEBF}.Debug|x86.Build.0 = Debug|Win32
		{DF8E9699-5ED7-4F9A-A12D-50D03A9EAEBF}.Release|x64.ActiveCfg = Release|x64
		{DF8E9699-5ED7-4F9A-A12D-50D03A9EAEBF}.Release|x64.Build.0 = Release|x64
		{DF8E9699-5ED7-4F9A-A12D-50D03A9EAEBF}.Release|x86.ActiveCfg = Release|Win32
		{DF8E9699-5ED7-4F9A-A12D-50D03A9EAEBF}.Release|x86.Build.0 = Release|Win32
		{BE244220-E3AE-44A2-BDE1-651D6D7AFDAB}.Debug|x64.ActiveCfg = Debug|x64
		{BE244220-E3AE-44A2-BDE1-651D6D7AFDAB}.Debug|x64.Build.0 = Debug|x64
		{BE244220-E3AE-44A2-BDE1-651D6D7AFDAB}.Debug|x86.ActiveCfg = Debug|Win32
		{BE244220-E3AE-44A2-BDE1-651D6D7AFDAB}.Debug|x86.Build.0 = Debug|Win32
		{BE244220-E3AE-44A2-BDE1-651D6D7AFDAB}.Release|x64.ActiveCfg = Release|x64
		{BE244220-E3AE-44A2-BDE1-651D6D7AFDAB}.Release|x64.Build.0 = Release|x64
		{BE244220-E3AE-44A2-BDE1-651D6D7AFDAB}.Release|x86.ActiveCfg = Release|Win32
		{BE244220-E3AE-44A2-BDE1-651D6D7AFDAB}.Release|x86.Build.0 = Release|Win32
	EndGlobalSection
	GlobalSection(SolutionProperties) = preSolution
		HideSolutionNode = FALSE
	EndGlobalSection
	GlobalSection(ExtensibilityGlobals) = postSolution
		SolutionGuid = {A6459074-7E42-4572-92FB-37F2F8F1E787}
	EndGlobalSection
	GlobalSection(SharedMSBuildProjectFiles) = preSolution
		YamYamEngine_SOURCE\YamYamEngine_SOURCE.vcxitems*{1c6f9f3f-be5f-4f6b-be3c-e0cf77c473b0}*SharedItemsImports = 9
		YamYamEngine_SOURCE\YamYamEngine_SOURCE.vcxitems*{be244220-e3ae-44a2-bde1-651d6d7afdab}*SharedItemsImports = 4
		Shaders_SOURCE\Shaders_SOURCE.vcxitems*{e8fa58aa-30c3-45bc-a2b3-5176fe539748}*SharedItemsImports = 9
	EndGlobalSection
EndGlobal
