<?xml version="1.0" encoding="utf-8"?>
<Project ToolsVersion="4.0" xmlns="http://schemas.microsoft.com/developer/msbuild/2003">
  <ItemGroup>
    <Filter Include="Common">
      <UniqueIdentifier>{291f5a2c-97af-449c-9780-9eaa2df183e7}</UniqueIdentifier>
    </Filter>
    <Filter Include="Component">
      <UniqueIdentifier>{5e608387-8ddd-444a-9d60-f79b75637de4}</UniqueIdentifier>
    </Filter>
    <Filter Include="Collision">
      <UniqueIdentifier>{b055fd38-78cb-43c5-9a3d-9c59b1f216ce}</UniqueIdentifier>
    </Filter>
    <Filter Include="Event">
      <UniqueIdentifier>{1949ec94-86d6-4ff8-9c96-333129792a9b}</UniqueIdentifier>
    </Filter>
    <Filter Include="Fmod">
      <UniqueIdentifier>{a7ef2e15-d549-4cae-ab45-ed6c909e48aa}</UniqueIdentifier>
    </Filter>
    <Filter Include="Graphics">
      <UniqueIdentifier>{11a40afd-c19a-4df2-8e8f-61934afe2fa1}</UniqueIdentifier>
    </Filter>
    <Filter Include="Helpers">
      <UniqueIdentifier>{13602fec-9fe3-47a5-9d0f-8300e48de60e}</UniqueIdentifier>
    </Filter>
    <Filter Include="High Level Interface">
      <UniqueIdentifier>{e49d1cc8-203f-4bd7-9ce1-fd463655cc0f}</UniqueIdentifier>
    </Filter>
    <Filter Include="Layer">
      <UniqueIdentifier>{ab932f64-b4c6-4432-93f4-cc016945f5ff}</UniqueIdentifier>
    </Filter>
    <Filter Include="Object">
      <UniqueIdentifier>{ee00720b-f23a-44b8-ad22-b99d5e029f59}</UniqueIdentifier>
    </Filter>
    <Filter Include="Resource">
      <UniqueIdentifier>{95817aee-b0ce-4ab3-860d-00a83cd44178}</UniqueIdentifier>
    </Filter>
    <Filter Include="Scene">
      <UniqueIdentifier>{7d88e11a-e17b-4154-8d16-94f1dea3c4aa}</UniqueIdentifier>
    </Filter>
    <Filter Include="UI">
      <UniqueIdentifier>{564197e5-1a03-4066-8268-e9297eb2eab5}</UniqueIdentifier>
    </Filter>
    <Filter Include="Component\Renderer">
      <UniqueIdentifier>{cd1ecf1f-b3f2-4a21-86d4-6f015ebc36d9}</UniqueIdentifier>
    </Filter>
    <Filter Include="Object\GameObject">
      <UniqueIdentifier>{0d5cb868-20cc-4b00-8a05-a791eaf0363d}</UniqueIdentifier>
    </Filter>
    <Filter Include="Component\Transform">
      <UniqueIdentifier>{8b43d66e-1980-4815-bf14-ff3e76f299fe}</UniqueIdentifier>
    </Filter>
    <Filter Include="Component\Camera">
      <UniqueIdentifier>{cd546b72-e698-4074-96ae-01fa2224275e}</UniqueIdentifier>
    </Filter>
    <Filter Include="Component\Script">
      <UniqueIdentifier>{b2c92ba6-4626-465f-b47c-1f3bd73d3490}</UniqueIdentifier>
    </Filter>
    <Filter Include="Component\Rigidbody">
      <UniqueIdentifier>{cf3734c0-dec0-4774-94d0-dd045934f2fa}</UniqueIdentifier>
    </Filter>
    <Filter Include="Component\Audio">
      <UniqueIdentifier>{13083333-24bb-4a5c-a978-506267fe2cc4}</UniqueIdentifier>
    </Filter>
    <Filter Include="Component\Animation">
      <UniqueIdentifier>{36cb86ec-ebe6-4dd4-bc43-8b05a44499a5}</UniqueIdentifier>
    </Filter>
    <Filter Include="Component\Animator">
      <UniqueIdentifier>{57104423-b2e9-4c2b-9ae6-82d913229d5c}</UniqueIdentifier>
    </Filter>
    <Filter Include="Component\Collider">
      <UniqueIdentifier>{b57b1830-ff45-4c42-9ccc-5e2a11c2bd45}</UniqueIdentifier>
    </Filter>
  </ItemGroup>
  <ItemGroup>
    <ClInclude Include="CommonInclude.h">
      <Filter>Common</Filter>
    </ClInclude>
    <ClInclude Include="yaApplication.h">
      <Filter>High Level Interface</Filter>
    </ClInclude>
    <ClInclude Include="yaApplicationEvent.h">
      <Filter>Event</Filter>
    </ClInclude>
    <ClInclude Include="yaAssert.h">
      <Filter>Common</Filter>
    </ClInclude>
    <ClInclude Include="yaCollisionManager.h">
      <Filter>Collision</Filter>
    </ClInclude>
    <ClInclude Include="yaComponent.h">
      <Filter>Component</Filter>
    </ClInclude>
    <ClInclude Include="yaConstantBuffer.h">
      <Filter>Graphics</Filter>
    </ClInclude>
    <ClInclude Include="yaDontDestroyOnLoad.h">
      <Filter>Scene</Filter>
    </ClInclude>
    <ClInclude Include="yaEnums.h">
      <Filter>Common</Filter>
    </ClInclude>
    <ClInclude Include="yaEvent.h">
      <Filter>Event</Filter>
    </ClInclude>
    <ClInclude Include="yaEventQueue.h">
      <Filter>Event</Filter>
    </ClInclude>
    <ClInclude Include="yaBaseRenderer.h">
      <Filter>Component\Renderer</Filter>
    </ClInclude>
    <ClInclude Include="yaInput.h">
      <Filter>Helpers</Filter>
    </ClInclude>
    <ClInclude Include="yaFmod.h">
      <Filter>Fmod</Filter>
    </ClInclude>
    <ClInclude Include="yaGameObjectEvent.h">
      <Filter>Event</Filter>
    </ClInclude>
    <ClInclude Include="yaGraphicDevice_DX11.h">
      <Filter>Graphics</Filter>
    </ClInclude>
    <ClInclude Include="yaGraphicDevice_DX12.h">
      <Filter>Graphics</Filter>
    </ClInclude>
    <ClInclude Include="yaGraphics.h">
      <Filter>Graphics</Filter>
    </ClInclude>
    <ClInclude Include="yaIndexBuffer.h">
      <Filter>Graphics</Filter>
    </ClInclude>
    <ClInclude Include="yaInputLayout.h">
      <Filter>Graphics</Filter>
    </ClInclude>
    <ClInclude Include="yaKeyEvent.h">
      <Filter>Event</Filter>
    </ClInclude>
    <ClInclude Include="yaLabelled.h">
      <Filter>Common</Filter>
    </ClInclude>
    <ClInclude Include="yaLayer.h">
      <Filter>Layer</Filter>
    </ClInclude>
    <ClInclude Include="yaMaterial.h">
      <Filter>Resource</Filter>
    </ClInclude>
    <ClInclude Include="yaMath.h">
      <Filter>Common</Filter>
    </ClInclude>
    <ClInclude Include="yaRenderTarget.h">
      <Filter>Graphics</Filter>
    </ClInclude>
    <ClInclude Include="yaRenderer.h">
      <Filter>Graphics</Filter>
    </ClInclude>
    <ClInclude Include="yaResource.h">
      <Filter>Resource</Filter>
    </ClInclude>
    <ClInclude Include="yaResources.h">
      <Filter>Resource</Filter>
    </ClInclude>
    <ClInclude Include="yaObject.h">
      <Filter>Object</Filter>
    </ClInclude>
    <ClInclude Include="yaWindow.h">
      <Filter>High Level Interface</Filter>
    </ClInclude>
    <ClInclude Include="yaVertexBuffer.h">
      <Filter>Graphics</Filter>
    </ClInclude>
    <ClInclude Include="yaUIBase.h">
      <Filter>UI</Filter>
    </ClInclude>
    <ClInclude Include="yaUIButton.h">
      <Filter>UI</Filter>
    </ClInclude>
    <ClInclude Include="yaUIHUD.h">
      <Filter>UI</Filter>
    </ClInclude>
    <ClInclude Include="yaUIManager.h">
      <Filter>UI</Filter>
    </ClInclude>
    <ClInclude Include="yaSceneManager.h">
      <Filter>Scene</Filter>
    </ClInclude>
    <ClInclude Include="yaTime.h">
      <Filter>Helpers</Filter>
    </ClInclude>
    <ClInclude Include="yaGameObject.h">
      <Filter>Object\GameObject</Filter>
    </ClInclude>
    <ClInclude Include="yaTexture.h">
      <Filter>Resource</Filter>
    </ClInclude>
    <ClInclude Include="yaShader.h">
      <Filter>Resource</Filter>
    </ClInclude>
    <ClInclude Include="yaTilemapRenderer.h">
      <Filter>Component\Renderer</Filter>
    </ClInclude>
    <ClInclude Include="yaSpriteRenderer.h">
      <Filter>Component\Renderer</Filter>
    </ClInclude>
    <ClInclude Include="yaMesh.h">
      <Filter>Resource</Filter>
    </ClInclude>
    <ClInclude Include="yaMouseEvent.h">
      <Filter>Event</Filter>
    </ClInclude>
    <ClInclude Include="yaScene.h">
      <Filter>Scene</Filter>
    </ClInclude>
    <ClInclude Include="yaTransform.h">
      <Filter>Component\Transform</Filter>
    </ClInclude>
    <ClInclude Include="yaCamera.h">
      <Filter>Component\Camera</Filter>
    </ClInclude>
    <ClInclude Include="yaSceneCamera.h">
      <Filter>Component\Camera</Filter>
    </ClInclude>
    <ClInclude Include="yaScript.h">
      <Filter>Component\Script</Filter>
    </ClInclude>
    <ClInclude Include="yaRigidbody.h">
      <Filter>Component\Rigidbody</Filter>
    </ClInclude>
    <ClInclude Include="yaEditorCamera.h">
      <Filter>Component\Camera</Filter>
    </ClInclude>
    <ClInclude Include="yaAudioListener.h">
      <Filter>Component\Audio</Filter>
    </ClInclude>
    <ClInclude Include="yaAudioSource.h">
      <Filter>Component\Audio</Filter>
    </ClInclude>
    <ClInclude Include="yaAudioClip.h">
      <Filter>Resource</Filter>
    </ClInclude>
    <ClInclude Include="yaAnimation.h">
      <Filter>Component\Animation</Filter>
    </ClInclude>
    <ClInclude Include="yaAnimator.h">
      <Filter>Component\Animator</Filter>
    </ClInclude>
    <ClInclude Include="yaBoxCollider2D.h">
      <Filter>Component\Collider</Filter>
    </ClInclude>
    <ClInclude Include="yaCircleCollider2D.h">
      <Filter>Component\Collider</Filter>
    </ClInclude>
    <ClInclude Include="yaCollider.h">
      <Filter>Component\Collider</Filter>
    </ClInclude>
  </ItemGroup>
  <ItemGroup>
    <ClCompile Include="yaApplication.cpp">
      <Filter>High Level Interface</Filter>
    </ClCompile>
    <ClCompile Include="yaCollisionManager.cpp">
      <Filter>Collision</Filter>
    </ClCompile>
    <ClCompile Include="yaComponent.cpp">
      <Filter>Component</Filter>
    </ClCompile>
    <ClCompile Include="yaConstantBuffer.cpp">
      <Filter>Graphics</Filter>
    </ClCompile>
    <ClCompile Include="yaDontDestroyOnLoad.cpp">
      <Filter>Scene</Filter>
    </ClCompile>
    <ClCompile Include="yaEventQueue.cpp">
      <Filter>Event</Filter>
    </ClCompile>
    <ClCompile Include="yaBaseRenderer.cpp">
      <Filter>Component\Renderer</Filter>
    </ClCompile>
    <ClCompile Include="yaInput.cpp">
      <Filter>Helpers</Filter>
    </ClCompile>
    <ClCompile Include="yaFmod.cpp">
      <Filter>Fmod</Filter>
    </ClCompile>
    <ClCompile Include="yaGraphicDevice_DX11.cpp">
      <Filter>Graphics</Filter>
    </ClCompile>
    <ClCompile Include="yaGraphicDevice_DX12.cpp">
      <Filter>Graphics</Filter>
    </ClCompile>
    <ClCompile Include="yaIndexBuffer.cpp">
      <Filter>Graphics</Filter>
    </ClCompile>
    <ClCompile Include="yaInputLayout.cpp">
      <Filter>Graphics</Filter>
    </ClCompile>
    <ClCompile Include="yaLabelled.cpp">
      <Filter>Common</Filter>
    </ClCompile>
    <ClCompile Include="yaLayer.cpp">
      <Filter>Layer</Filter>
    </ClCompile>
    <ClCompile Include="yaMaterial.cpp">
      <Filter>Resource</Filter>
    </ClCompile>
    <ClCompile Include="yaMath.cpp">
      <Filter>Common</Filter>
    </ClCompile>
    <ClCompile Include="yaRenderTarget.cpp">
      <Filter>Graphics</Filter>
    </ClCompile>
    <ClCompile Include="yaRenderer.cpp">
      <Filter>Graphics</Filter>
    </ClCompile>
    <ClCompile Include="yaResource.cpp">
      <Filter>Resource</Filter>
    </ClCompile>
    <ClCompile Include="yaResources.cpp">
      <Filter>Resource</Filter>
    </ClCompile>
    <ClCompile Include="yaObject.cpp">
      <Filter>Object</Filter>
    </ClCompile>
    <ClCompile Include="yaWindow.cpp">
      <Filter>High Level Interface</Filter>
    </ClCompile>
    <ClCompile Include="yaVertexBuffer.cpp">
      <Filter>Graphics</Filter>
    </ClCompile>
    <ClCompile Include="yaUIBase.cpp">
      <Filter>UI</Filter>
    </ClCompile>
    <ClCompile Include="yaUIButton.cpp">
      <Filter>UI</Filter>
    </ClCompile>
    <ClCompile Include="yaUIHUD.cpp">
      <Filter>UI</Filter>
    </ClCompile>
    <ClCompile Include="yaUIManager.cpp">
      <Filter>UI</Filter>
    </ClCompile>
    <ClCompile Include="yaSceneManager.cpp">
      <Filter>Scene</Filter>
    </ClCompile>
    <ClCompile Include="yaTime.cpp">
      <Filter>Helpers</Filter>
    </ClCompile>
    <ClCompile Include="yaGameObject.cpp">
      <Filter>Object\GameObject</Filter>
    </ClCompile>
    <ClCompile Include="yaTexture.cpp">
      <Filter>Resource</Filter>
    </ClCompile>
    <ClCompile Include="yaShader.cpp">
      <Filter>Resource</Filter>
    </ClCompile>
    <ClCompile Include="yaSpriteRenderer.cpp">
      <Filter>Component\Renderer</Filter>
    </ClCompile>
    <ClCompile Include="yaTilemapRenderer.cpp">
      <Filter>Component\Renderer</Filter>
    </ClCompile>
    <ClCompile Include="yaMesh.cpp">
      <Filter>Resource</Filter>
    </ClCompile>
    <ClCompile Include="yaScene.cpp">
      <Filter>Scene</Filter>
    </ClCompile>
    <ClCompile Include="yaTransform.cpp">
      <Filter>Component\Transform</Filter>
    </ClCompile>
    <ClCompile Include="yaCamera.cpp">
      <Filter>Component\Camera</Filter>
    </ClCompile>
    <ClCompile Include="yaSceneCamera.cpp">
      <Filter>Component\Camera</Filter>
    </ClCompile>
    <ClCompile Include="yaScript.cpp">
      <Filter>Component\Script</Filter>
    </ClCompile>
    <ClCompile Include="yaRigidbody.cpp">
      <Filter>Component\Rigidbody</Filter>
    </ClCompile>
    <ClCompile Include="yaEditorCamera.cpp">
      <Filter>Component\Camera</Filter>
    </ClCompile>
    <ClCompile Include="yaAudioListener.cpp">
      <Filter>Component\Audio</Filter>
    </ClCompile>
    <ClCompile Include="yaAudioSource.cpp">
      <Filter>Component\Audio</Filter>
    </ClCompile>
    <ClCompile Include="yaAudioClip.cpp">
      <Filter>Resource</Filter>
    </ClCompile>
    <ClCompile Include="yaAnimation.cpp">
      <Filter>Component\Animation</Filter>
    </ClCompile>
    <ClCompile Include="yaAnimator.cpp">
      <Filter>Component\Animator</Filter>
    </ClCompile>
    <ClCompile Include="yaBoxCollider2D.cpp">
      <Filter>Component\Collider</Filter>
    </ClCompile>
    <ClCompile Include="yaCircleCollider2D.cpp">
      <Filter>Component\Collider</Filter>
    </ClCompile>
    <ClCompile Include="yaCollider.cpp">
      <Filter>Component\Collider</Filter>
    </ClCompile>
  </ItemGroup>
  <ItemGroup>
    <None Include="YamYamEngine_SOURCE.vcxitems" />
    <None Include="YamYamEngine_SOURCE.vcxitems.filters" />
    <None Include="packages.config" />
  </ItemGroup>
</Project>