<?xml version="1.0" encoding="utf-8"?>
<Project ToolsVersion="4.0" xmlns="http://schemas.microsoft.com/developer/msbuild/2003">
  <ItemGroup>
    <Filter Include="Scenes">
      <UniqueIdentifier>{45c65cf1-1c6c-4631-ba74-5954f95bca23}</UniqueIdentifier>
    </Filter>
    <Filter Include="Contents">
      <UniqueIdentifier>{419fb58c-9bef-4a7d-8289-9708ae633bd3}</UniqueIdentifier>
    </Filter>
    <Filter Include="Scripts">
      <UniqueIdentifier>{1408e02e-a051-4b34-8c81-bc3472b7718d}</UniqueIdentifier>
    </Filter>
  </ItemGroup>
  <ItemGroup>
    <ClInclude Include="yaLoadScenes.h">
      <Filter>Scenes</Filter>
    </ClInclude>
    <ClInclude Include="yaPlayer.h">
      <Filter>Contents</Filter>
    </ClInclude>
    <ClInclude Include="yaPlayScene.h">
      <Filter>Scenes</Filter>
    </ClInclude>
    <ClInclude Include="yaTitleScene.h">
      <Filter>Scenes</Filter>
    </ClInclude>
    <ClInclude Include="yaLoadResources.h" />
    <ClInclude Include="yaPlayerScript.h">
      <Filter>Scripts</Filter>
    </ClInclude>
    <ClInclude Include="yaCat.h">
      <Filter>Contents</Filter>
    </ClInclude>
    <ClInclude Include="yaCatScript.h">
      <Filter>Scripts</Filter>
    </ClInclude>
    <ClInclude Include="yaToolScene.h">
      <Filter>Scenes</Filter>
    </ClInclude>
    <ClInclude Include="yaTile.h">
      <Filter>Contents</Filter>
    </ClInclude>
    <ClInclude Include="yaCameraScript.h">
      <Filter>Scripts</Filter>
    </ClInclude>
    <ClInclude Include="yaFloor.h">
      <Filter>Contents</Filter>
    </ClInclude>
    <ClInclude Include="yaFloorScript.h">
      <Filter>Scripts</Filter>
    </ClInclude>
  </ItemGroup>
  <ItemGroup>
    <ClCompile Include="yaPlayer.cpp">
      <Filter>Contents</Filter>
    </ClCompile>
    <ClCompile Include="yaPlayScene.cpp">
      <Filter>Scenes</Filter>
    </ClCompile>
    <ClCompile Include="yaTitleScene.cpp">
      <Filter>Scenes</Filter>
    </ClCompile>
    <ClCompile Include="yaPlayerScript.cpp">
      <Filter>Scripts</Filter>
    </ClCompile>
    <ClCompile Include="yaCat.cpp">
      <Filter>Contents</Filter>
    </ClCompile>
    <ClCompile Include="yaCatScript.cpp">
      <Filter>Scripts</Filter>
    </ClCompile>
    <ClCompile Include="yaToolScene.cpp">
      <Filter>Scenes</Filter>
    </ClCompile>
    <ClCompile Include="yaTile.cpp">
      <Filter>Contents</Filter>
    </ClCompile>
    <ClCompile Include="yaCameraScript.cpp">
      <Filter>Scripts</Filter>
    </ClCompile>
    <ClCompile Include="yaFloor.cpp">
      <Filter>Contents</Filter>
    </ClCompile>
    <ClCompile Include="yaFloorScript.cpp">
      <Filter>Scripts</Filter>
    </ClCompile>
  </ItemGroup>
</Project>